
Microsoft Visual Studio Solution File, Format Version 12.00
# Visual Studio Version 17
VisualStudioVersion = 17.4.33103.184
MinimumVisualStudioVersion = 10.0.40219.1
Project("{FAE04EC0-301F-11D3-BF4B-00C04F79EFBC}") = "AdventureGame", "AdventureGame\AdventureGame.csproj", "{9235F24D-B277-4A73-A443-F2C2A80309A8}"
EndProject
Project("{FAE04EC0-301F-11D3-BF4B-00C04F79EFBC}") = "Engine", "Engine\Engine.csproj", "{B37414B3-A64B-4FCD-AA83-451B8F73434F}"
EndProject
Global
	GlobalSection(SolutionConfigurationPlatforms) = preSolution
		Debug|Any CPU = Debug|Any CPU
		Release|Any CPU = Release|Any CPU
	EndGlobalSection
	GlobalSection(ProjectConfigurationPlatforms) = postSolution
		{9235F24D-B277-4A73-A443-F2C2A80309A8}.Debug|Any CPU.ActiveCfg = Debug|Any CPU
		{9235F24D-B277-4A73-A443-F2C2A80309A8}.Debug|Any CPU.Build.0 = Debug|Any CPU
		{9235F24D-B277-4A73-A443-F2C2A80309A8}.Release|Any CPU.ActiveCfg = Release|Any CPU
		{9235F24D-B277-4A73-A443-F2C2A80309A8}.Release|Any CPU.Build.0 = Release|Any CPU
		{B37414B3-A64B-4FCD-AA83-451B8F73434F}.Debug|Any CPU.ActiveCfg = Debug|Any CPU
		{B37414B3-A64B-4FCD-AA83-451B8F73434F}.Debug|Any CPU.Build.0 = Debug|Any CPU
		{B37414B3-A64B-4FCD-AA83-451B8F73434F}.Release|Any CPU.ActiveCfg = Release|Any CPU
		{B37414B3-A64B-4FCD-AA83-451B8F73434F}.Release|Any CPU.Build.0 = Release|Any CPU
	EndGlobalSection
	GlobalSection(SolutionProperties) = preSolution
		HideSolutionNode = FALSE
	EndGlobalSection
	GlobalSection(ExtensibilityGlobals) = postSolution
		SolutionGuid = {A4FA174F-24AF-4CAA-9FED-5D2E63973360}
	EndGlobalSection
EndGlobal
